
Microsoft Visual Studio Solution File, Format Version 12.00
# Visual Studio 15
VisualStudioVersion = 15.0.27428.2037
MinimumVisualStudioVersion = 10.0.40219.1
Project("{FAE04EC0-301F-11D3-BF4B-00C04F79EFBC}") = "IntegrationSamples", "IntegrationSamples\IntegrationSamples.csproj", "{A14D3402-E633-4AAF-85F2-FE3668DEF14E}"
EndProject
Global
	GlobalSection(SolutionConfigurationPlatforms) = preSolution
		Debug|Any CPU = Debug|Any CPU
		Release|Any CPU = Release|Any CPU
	EndGlobalSection
	GlobalSection(ProjectConfigurationPlatforms) = postSolution
		{A14D3402-E633-4AAF-85F2-FE3668DEF14E}.Debug|Any CPU.ActiveCfg = Debug|Any CPU
		{A14D3402-E633-4AAF-85F2-FE3668DEF14E}.Debug|Any CPU.Build.0 = Debug|Any CPU
		{A14D3402-E633-4AAF-85F2-FE3668DEF14E}.Release|Any CPU.ActiveCfg = Release|Any CPU
		{A14D3402-E633-4AAF-85F2-FE3668DEF14E}.Release|Any CPU.Build.0 = Release|Any CPU
	EndGlobalSection
	GlobalSection(SolutionProperties) = preSolution
		HideSolutionNode = FALSE
	EndGlobalSection
	GlobalSection(ExtensibilityGlobals) = postSolution
		SolutionGuid = {E38FEF81-C8E5-438D-81BB-CB66A8AC9972}
	EndGlobalSection
EndGlobal
